
Microsoft Visual Studio Solution File, Format Version 12.00
# Visual Studio Version 16
VisualStudioVersion = 16.0.30011.22
MinimumVisualStudioVersion = 10.0.40219.1
Project("{9A19103F-16F7-4668-BE54-9A1E7A4F7556}") = "LamdaNLINQ", "LamdaNLINQ\LamdaNLINQ.csproj", "{937FF85C-4F8E-425C-89FC-68B72CD40074}"
EndProject
Project("{9A19103F-16F7-4668-BE54-9A1E7A4F7556}") = "LamdaNLINQ_2", "LamdaNLINQ_2\LamdaNLINQ_2.csproj", "{1B732612-E705-4507-8437-FD0F75EA74A5}"
EndProject
Project("{9A19103F-16F7-4668-BE54-9A1E7A4F7556}") = "LamdaNLINQ_3", "LamdaNLINQ_3\LamdaNLINQ_3.csproj", "{318AED79-E365-4E61-ACBB-D817801A88E6}"
EndProject
Project("{9A19103F-16F7-4668-BE54-9A1E7A4F7556}") = "LamdaNLINQ_4", "LamdaNLINQ_4\LamdaNLINQ_4.csproj", "{FF2B5E82-1DBD-4727-8305-45078A01D1EC}"
EndProject
Project("{9A19103F-16F7-4668-BE54-9A1E7A4F7556}") = "LamdaNLINQ_5", "LamdaNLINQ_5\LamdaNLINQ_5.csproj", "{73551370-0484-4D73-A88B-2348424E5D21}"
EndProject
Project("{9A19103F-16F7-4668-BE54-9A1E7A4F7556}") = "LamdaNLINQ_6", "LamdaNLINQ_6\LamdaNLINQ_6.csproj", "{B6B106E2-B8A5-401E-87A6-EB7642D1EA24}"
EndProject
Project("{FAE04EC0-301F-11D3-BF4B-00C04F79EFBC}") = "Students", "LamdaNLINQ_7\Students.csproj", "{150C7384-2196-4CA0-87B5-10E1D7492765}"
EndProject
Global
	GlobalSection(SolutionConfigurationPlatforms) = preSolution
		Debug|Any CPU = Debug|Any CPU
		Release|Any CPU = Release|Any CPU
	EndGlobalSection
	GlobalSection(ProjectConfigurationPlatforms) = postSolution
		{937FF85C-4F8E-425C-89FC-68B72CD40074}.Debug|Any CPU.ActiveCfg = Debug|Any CPU
		{937FF85C-4F8E-425C-89FC-68B72CD40074}.Debug|Any CPU.Build.0 = Debug|Any CPU
		{937FF85C-4F8E-425C-89FC-68B72CD40074}.Release|Any CPU.ActiveCfg = Release|Any CPU
		{937FF85C-4F8E-425C-89FC-68B72CD40074}.Release|Any CPU.Build.0 = Release|Any CPU
		{1B732612-E705-4507-8437-FD0F75EA74A5}.Debug|Any CPU.ActiveCfg = Debug|Any CPU
		{1B732612-E705-4507-8437-FD0F75EA74A5}.Debug|Any CPU.Build.0 = Debug|Any CPU
		{1B732612-E705-4507-8437-FD0F75EA74A5}.Release|Any CPU.ActiveCfg = Release|Any CPU
		{1B732612-E705-4507-8437-FD0F75EA74A5}.Release|Any CPU.Build.0 = Release|Any CPU
		{318AED79-E365-4E61-ACBB-D817801A88E6}.Debug|Any CPU.ActiveCfg = Debug|Any CPU
		{318AED79-E365-4E61-ACBB-D817801A88E6}.Debug|Any CPU.Build.0 = Debug|Any CPU
		{318AED79-E365-4E61-ACBB-D817801A88E6}.Release|Any CPU.ActiveCfg = Release|Any CPU
		{318AED79-E365-4E61-ACBB-D817801A88E6}.Release|Any CPU.Build.0 = Release|Any CPU
		{FF2B5E82-1DBD-4727-8305-45078A01D1EC}.Debug|Any CPU.ActiveCfg = Debug|Any CPU
		{FF2B5E82-1DBD-4727-8305-45078A01D1EC}.Debug|Any CPU.Build.0 = Debug|Any CPU
		{FF2B5E82-1DBD-4727-8305-45078A01D1EC}.Release|Any CPU.ActiveCfg = Release|Any CPU
		{FF2B5E82-1DBD-4727-8305-45078A01D1EC}.Release|Any CPU.Build.0 = Release|Any CPU
		{73551370-0484-4D73-A88B-2348424E5D21}.Debug|Any CPU.ActiveCfg = Debug|Any CPU
		{73551370-0484-4D73-A88B-2348424E5D21}.Debug|Any CPU.Build.0 = Debug|Any CPU
		{73551370-0484-4D73-A88B-2348424E5D21}.Release|Any CPU.ActiveCfg = Release|Any CPU
		{73551370-0484-4D73-A88B-2348424E5D21}.Release|Any CPU.Build.0 = Release|Any CPU
		{B6B106E2-B8A5-401E-87A6-EB7642D1EA24}.Debug|Any CPU.ActiveCfg = Debug|Any CPU
		{B6B106E2-B8A5-401E-87A6-EB7642D1EA24}.Debug|Any CPU.Build.0 = Debug|Any CPU
		{B6B106E2-B8A5-401E-87A6-EB7642D1EA24}.Release|Any CPU.ActiveCfg = Release|Any CPU
		{B6B106E2-B8A5-401E-87A6-EB7642D1EA24}.Release|Any CPU.Build.0 = Release|Any CPU
		{150C7384-2196-4CA0-87B5-10E1D7492765}.Debug|Any CPU.ActiveCfg = Debug|Any CPU
		{150C7384-2196-4CA0-87B5-10E1D7492765}.Debug|Any CPU.Build.0 = Debug|Any CPU
		{150C7384-2196-4CA0-87B5-10E1D7492765}.Release|Any CPU.ActiveCfg = Release|Any CPU
		{150C7384-2196-4CA0-87B5-10E1D7492765}.Release|Any CPU.Build.0 = Release|Any CPU
	EndGlobalSection
	GlobalSection(SolutionProperties) = preSolution
		HideSolutionNode = FALSE
	EndGlobalSection
	GlobalSection(ExtensibilityGlobals) = postSolution
		SolutionGuid = {358174C5-39B3-44B7-9C11-DDEB10D4F877}
	EndGlobalSection
EndGlobal
